
Microsoft Visual Studio Solution File, Format Version 12.00
Project("{FAE04EC0-301F-11D3-BF4B-00C04F79EFBC}") = "EntityFdatabaseFirst", "EntityFdatabaseFirst\EntityFdatabaseFirst.csproj", "{1A9B3522-A2B9-4B49-AF78-594D9A918DC6}"
EndProject
Global
	GlobalSection(SolutionConfigurationPlatforms) = preSolution
		Debug|Any CPU = Debug|Any CPU
		Release|Any CPU = Release|Any CPU
	EndGlobalSection
	GlobalSection(ProjectConfigurationPlatforms) = postSolution
		{1A9B3522-A2B9-4B49-AF78-594D9A918DC6}.Debug|Any CPU.ActiveCfg = Debug|Any CPU
		{1A9B3522-A2B9-4B49-AF78-594D9A918DC6}.Debug|Any CPU.Build.0 = Debug|Any CPU
		{1A9B3522-A2B9-4B49-AF78-594D9A918DC6}.Release|Any CPU.ActiveCfg = Release|Any CPU
		{1A9B3522-A2B9-4B49-AF78-594D9A918DC6}.Release|Any CPU.Build.0 = Release|Any CPU
	EndGlobalSection
EndGlobal
